schema: '2.0'
stages:
  preprocess:
    cmd: python src/preprocess.py
    deps:
    - path: data/raw/data.csv
      hash: md5
      md5: 739f3c9177b13d1c15aa060046cfb023
      size: 23872
    - path: src/preprocess.py
      hash: md5
      md5: ee8837b9b952bb608ce216fc9920b2be
      size: 536
    params:
      params.yaml:
        preprocess.input: data/raw/data.csv
        preprocess.output: data/processed/data.csv
    outs:
    - path: data/processed/data.csv
      hash: md5
      md5: 478f6c9945e87f23d6e32638adf17e50
      size: 23960
  train:
    cmd: python src/train.py
    deps:
    - path: data/raw/data.csv
      hash: md5
      md5: 739f3c9177b13d1c15aa060046cfb023
      size: 23872
    - path: src/train.py
      hash: md5
      md5: 682e969896cd8a8e1f93c2787ccd1eb4
      size: 3813
    params:
      params.yaml:
        train.data: data/raw/data.csv
        train.model: models/model.pkl
    outs:
    - path: models/model.pkl
      hash: md5
      md5: 67d0595dc669134f2959b13401a8959d
      size: 1153586
  evaluate:
    cmd: python src/evaluate.py
    deps:
    - path: data/raw/data.csv
      hash: md5
      md5: 739f3c9177b13d1c15aa060046cfb023
      size: 23872
    - path: models/model.pkl
      hash: md5
      md5: 67d0595dc669134f2959b13401a8959d
      size: 1153586
    - path: src/evaluate.py
      hash: md5
      md5: 3c3634807892941ce888e4b32c949d57
      size: 1050
